
Microsoft Visual Studio Solution File, Format Version 12.00
# Visual Studio Version 17
VisualStudioVersion = 17.0.31903.59
MinimumVisualStudioVersion = 10.0.40219.1
Project("{FAE04EC0-301F-11D3-BF4B-00C04F79EFBC}") = "Skinet.Infra", "Skinet.Infra\Skinet.Infra.csproj", "{F9CECC0E-9751-4217-A783-BD2FF4862622}"
EndProject
Project("{FAE04EC0-301F-11D3-BF4B-00C04F79EFBC}") = "Skinet.Entities", "Skinet.Entities\Skinet.Entities.csproj", "{43027D0E-F7A9-411E-A134-5F2FB1EE6236}"
EndProject
Project("{FAE04EC0-301F-11D3-BF4B-00C04F79EFBC}") = "Skinet.Data", "Skinet.Data\Skinet.Data.csproj", "{11A5424E-9953-4657-9A2F-916D81283C9C}"
EndProject
Project("{FAE04EC0-301F-11D3-BF4B-00C04F79EFBC}") = "Skinet.Application", "Skinet.Application\Skinet.Application.csproj", "{1ABCB7D0-A074-4047-8B47-45609DA0612F}"
EndProject
Project("{FAE04EC0-301F-11D3-BF4B-00C04F79EFBC}") = "Skinet.API", "Skinet.API\Skinet.API.csproj", "{FD434B80-96CB-4AE0-A77D-62A569A9E36E}"
EndProject
Global
	GlobalSection(SolutionConfigurationPlatforms) = preSolution
		Debug|Any CPU = Debug|Any CPU
		Release|Any CPU = Release|Any CPU
	EndGlobalSection
	GlobalSection(SolutionProperties) = preSolution
		HideSolutionNode = FALSE
	EndGlobalSection
	GlobalSection(ProjectConfigurationPlatforms) = postSolution
		{F9CECC0E-9751-4217-A783-BD2FF4862622}.Debug|Any CPU.ActiveCfg = Debug|Any CPU
		{F9CECC0E-9751-4217-A783-BD2FF4862622}.Debug|Any CPU.Build.0 = Debug|Any CPU
		{F9CECC0E-9751-4217-A783-BD2FF4862622}.Release|Any CPU.ActiveCfg = Release|Any CPU
		{F9CECC0E-9751-4217-A783-BD2FF4862622}.Release|Any CPU.Build.0 = Release|Any CPU
		{43027D0E-F7A9-411E-A134-5F2FB1EE6236}.Debug|Any CPU.ActiveCfg = Debug|Any CPU
		{43027D0E-F7A9-411E-A134-5F2FB1EE6236}.Debug|Any CPU.Build.0 = Debug|Any CPU
		{43027D0E-F7A9-411E-A134-5F2FB1EE6236}.Release|Any CPU.ActiveCfg = Release|Any CPU
		{43027D0E-F7A9-411E-A134-5F2FB1EE6236}.Release|Any CPU.Build.0 = Release|Any CPU
		{11A5424E-9953-4657-9A2F-916D81283C9C}.Debug|Any CPU.ActiveCfg = Debug|Any CPU
		{11A5424E-9953-4657-9A2F-916D81283C9C}.Debug|Any CPU.Build.0 = Debug|Any CPU
		{11A5424E-9953-4657-9A2F-916D81283C9C}.Release|Any CPU.ActiveCfg = Release|Any CPU
		{11A5424E-9953-4657-9A2F-916D81283C9C}.Release|Any CPU.Build.0 = Release|Any CPU
		{1ABCB7D0-A074-4047-8B47-45609DA0612F}.Debug|Any CPU.ActiveCfg = Debug|Any CPU
		{1ABCB7D0-A074-4047-8B47-45609DA0612F}.Debug|Any CPU.Build.0 = Debug|Any CPU
		{1ABCB7D0-A074-4047-8B47-45609DA0612F}.Release|Any CPU.ActiveCfg = Release|Any CPU
		{1ABCB7D0-A074-4047-8B47-45609DA0612F}.Release|Any CPU.Build.0 = Release|Any CPU
		{FD434B80-96CB-4AE0-A77D-62A569A9E36E}.Debug|Any CPU.ActiveCfg = Debug|Any CPU
		{FD434B80-96CB-4AE0-A77D-62A569A9E36E}.Debug|Any CPU.Build.0 = Debug|Any CPU
		{FD434B80-96CB-4AE0-A77D-62A569A9E36E}.Release|Any CPU.ActiveCfg = Release|Any CPU
		{FD434B80-96CB-4AE0-A77D-62A569A9E36E}.Release|Any CPU.Build.0 = Release|Any CPU
	EndGlobalSection
EndGlobal
